{
  "name": "figma-templates-export",
  "version": "1.0.0",
  "lockfileVersion": 3,
  "requires": true,
  "packages": {
    "": {
      "name": "figma-templates-export",
      "version": "1.0.0",
      "dependencies": {
        "next-campaign-page-kit": "file:/Users/samhaslam/Desktop/NEXT/campaign-page-kit"
      }
    },
    "../../NEXT/campaign-page-kit": {
      "name": "next-campaign-page-kit",
      "version": "0.0.7",
      "license": "MIT",
      "dependencies": {
        "@clack/prompts": "^1.0.1",
        "chokidar": "^3.6.0",
        "fast-glob": "^3.3.0",
        "gray-matter": "^4.0.3",
        "liquidjs": "^10.0.0",
        "sharp": "^0.34.5"
      },
      "bin": {
        "campaign-build": "lib/actions/build.js",
        "campaign-clone": "lib/actions/clone.js",
        "campaign-compress": "lib/actions/compress.js",
        "campaign-config": "lib/actions/configure.js",
        "campaign-dev": "lib/actions/dev.js",
        "campaign-init": "lib/actions/init.js",
        "campaign-migrate": "lib/actions/migrate.js",
        "campaign-start": "lib/start.js"
      }
    },
    "node_modules/next-campaign-page-kit": {
      "resolved": "../../NEXT/campaign-page-kit",
      "link": true
    }
  }
}
